
Microsoft Visual Studio Solution File, Format Version 12.00
# Visual Studio Version 16
VisualStudioVersion = 16.0.30503.244
MinimumVisualStudioVersion = 10.0.40219.1
Project("{FAE04EC0-301F-11D3-BF4B-00C04F79EFBC}") = "HtmlDOMSample", "HtmlDOMSample\HtmlDOMSample.csproj", "{4D66D35E-4F5B-413F-8BBD-B303B39BC583}"
EndProject
Global
	GlobalSection(SolutionConfigurationPlatforms) = preSolution
		Debug|Any CPU = Debug|Any CPU
		Release|Any CPU = Release|Any CPU
	EndGlobalSection
	GlobalSection(ProjectConfigurationPlatforms) = postSolution
		{4D66D35E-4F5B-413F-8BBD-B303B39BC583}.Debug|Any CPU.ActiveCfg = Debug|Any CPU
		{4D66D35E-4F5B-413F-8BBD-B303B39BC583}.Debug|Any CPU.Build.0 = Debug|Any CPU
		{4D66D35E-4F5B-413F-8BBD-B303B39BC583}.Release|Any CPU.ActiveCfg = Release|Any CPU
		{4D66D35E-4F5B-413F-8BBD-B303B39BC583}.Release|Any CPU.Build.0 = Release|Any CPU
	EndGlobalSection
	GlobalSection(SolutionProperties) = preSolution
		HideSolutionNode = FALSE
	EndGlobalSection
	GlobalSection(ExtensibilityGlobals) = postSolution
		SolutionGuid = {0844C51F-F8C5-48F7-B836-132C55A842F2}
	EndGlobalSection
EndGlobal
